
Microsoft Visual Studio Solution File, Format Version 12.00
# Visual Studio Version 17
VisualStudioVersion = 17.10.35122.118
MinimumVisualStudioVersion = 10.0.40219.1
Project("{FAE04EC0-301F-11D3-BF4B-00C04F79EFBC}") = "TestMaker.Hybrid", "TestMaker.Hybrid.csproj", "{B6D3EF05-2A14-4D95-ACD9-980D7B958A78}"
EndProject
Project("{FAE04EC0-301F-11D3-BF4B-00C04F79EFBC}") = "TestMaker.Shared", "..\TestMaker.Shared\TestMaker.Shared.csproj", "{77A1432D-73A0-4EC3-BD98-E36E5ED7AC86}"
EndProject
Project("{FAE04EC0-301F-11D3-BF4B-00C04F79EFBC}") = "TestMaker.Web", "..\TestMaker.Web\TestMaker.Web\TestMaker.Web.csproj", "{C1ADD3D1-02EE-48CF-8D24-DA436BF0A25B}"
EndProject
Project("{FAE04EC0-301F-11D3-BF4B-00C04F79EFBC}") = "TestMaker.Web.Client", "..\TestMaker.Web\TestMaker.Web.Client\TestMaker.Web.Client.csproj", "{51CE2E36-8B46-4938-BEAB-97D84BA111C8}"
EndProject
Global
	GlobalSection(SolutionConfigurationPlatforms) = preSolution
		Debug|Any CPU = Debug|Any CPU
		Release|Any CPU = Release|Any CPU
	EndGlobalSection
	GlobalSection(ProjectConfigurationPlatforms) = postSolution
		{B6D3EF05-2A14-4D95-ACD9-980D7B958A78}.Debug|Any CPU.ActiveCfg = Debug|Any CPU
		{B6D3EF05-2A14-4D95-ACD9-980D7B958A78}.Debug|Any CPU.Build.0 = Debug|Any CPU
		{B6D3EF05-2A14-4D95-ACD9-980D7B958A78}.Debug|Any CPU.Deploy.0 = Debug|Any CPU
		{B6D3EF05-2A14-4D95-ACD9-980D7B958A78}.Release|Any CPU.ActiveCfg = Release|Any CPU
		{B6D3EF05-2A14-4D95-ACD9-980D7B958A78}.Release|Any CPU.Build.0 = Release|Any CPU
		{B6D3EF05-2A14-4D95-ACD9-980D7B958A78}.Release|Any CPU.Deploy.0 = Release|Any CPU
		{77A1432D-73A0-4EC3-BD98-E36E5ED7AC86}.Debug|Any CPU.ActiveCfg = Debug|Any CPU
		{77A1432D-73A0-4EC3-BD98-E36E5ED7AC86}.Debug|Any CPU.Build.0 = Debug|Any CPU
		{77A1432D-73A0-4EC3-BD98-E36E5ED7AC86}.Release|Any CPU.ActiveCfg = Release|Any CPU
		{77A1432D-73A0-4EC3-BD98-E36E5ED7AC86}.Release|Any CPU.Build.0 = Release|Any CPU
		{C1ADD3D1-02EE-48CF-8D24-DA436BF0A25B}.Debug|Any CPU.ActiveCfg = Debug|Any CPU
		{C1ADD3D1-02EE-48CF-8D24-DA436BF0A25B}.Debug|Any CPU.Build.0 = Debug|Any CPU
		{C1ADD3D1-02EE-48CF-8D24-DA436BF0A25B}.Release|Any CPU.ActiveCfg = Release|Any CPU
		{C1ADD3D1-02EE-48CF-8D24-DA436BF0A25B}.Release|Any CPU.Build.0 = Release|Any CPU
		{51CE2E36-8B46-4938-BEAB-97D84BA111C8}.Debug|Any CPU.ActiveCfg = Debug|Any CPU
		{51CE2E36-8B46-4938-BEAB-97D84BA111C8}.Debug|Any CPU.Build.0 = Debug|Any CPU
		{51CE2E36-8B46-4938-BEAB-97D84BA111C8}.Release|Any CPU.ActiveCfg = Release|Any CPU
		{51CE2E36-8B46-4938-BEAB-97D84BA111C8}.Release|Any CPU.Build.0 = Release|Any CPU
	EndGlobalSection
	GlobalSection(SolutionProperties) = preSolution
		HideSolutionNode = FALSE
	EndGlobalSection
	GlobalSection(ExtensibilityGlobals) = postSolution
		SolutionGuid = {C5FC02EF-5C28-46B3-A768-2A28CDBEC497}
	EndGlobalSection
EndGlobal
